// !$*UTF8*$!
{
	archiveVersion = 1;
	classes = {
	};
	objectVersion = 51;
	objects = {

/* Begin PBXBuildFile section */
		650D6DC825C6F98E00431841 /* HomeTableViewCell.swift in Sources */ = {isa = PBXBuildFile; fileRef = 650D6DC725C6F98E00431841 /* HomeTableViewCell.swift */; };
		650D6DCC25C82E5F00431841 /* PostModel.swift in Sources */ = {isa = PBXBuildFile; fileRef = 650D6DCB25C82E5F00431841 /* PostModel.swift */; };
		650D6DE425C9496500431841 /* UserModel.swift in Sources */ = {isa = PBXBuildFile; fileRef = 650D6DE325C9496500431841 /* UserModel.swift */; };
		65177405265D9B27003B85CA /* CommentModel.swift in Sources */ = {isa = PBXBuildFile; fileRef = 65177404265D9B27003B85CA /* CommentModel.swift */; };
		654E821825B63D02006539DF /* AuthenticationService.swift in Sources */ = {isa = PBXBuildFile; fileRef = 654E821725B63D02006539DF /* AuthenticationService.swift */; };
		654E823325BF3899006539DF /* PostCameraViewController.swift in Sources */ = {isa = PBXBuildFile; fileRef = 654E823225BF3899006539DF /* PostCameraViewController.swift */; };
		655601CB259BD59800C442BE /* AppDelegate.swift in Sources */ = {isa = PBXBuildFile; fileRef = 655601CA259BD59800C442BE /* AppDelegate.swift */; };
		655601CD259BD59800C442BE /* SceneDelegate.swift in Sources */ = {isa = PBXBuildFile; fileRef = 655601CC259BD59800C442BE /* SceneDelegate.swift */; };
		655601D4259BD59B00C442BE /* Assets.xcassets in Resources */ = {isa = PBXBuildFile; fileRef = 655601D3259BD59B00C442BE /* Assets.xcassets */; };
		655601D7259BD59B00C442BE /* LaunchScreen.storyboard in Resources */ = {isa = PBXBuildFile; fileRef = 655601D5259BD59B00C442BE /* LaunchScreen.storyboard */; };
		655601E2259BD67C00C442BE /* Start.storyboard in Resources */ = {isa = PBXBuildFile; fileRef = 655601E1259BD67C00C442BE /* Start.storyboard */; };
		655601E9259BDD0C00C442BE /* .gitignore in Resources */ = {isa = PBXBuildFile; fileRef = 655601E8259BDD0C00C442BE /* .gitignore */; };
		655601EF259D131000C442BE /* LoginViewController.swift in Sources */ = {isa = PBXBuildFile; fileRef = 655601EE259D131000C442BE /* LoginViewController.swift */; };
		655601F2259D132D00C442BE /* RegistrationViewController.swift in Sources */ = {isa = PBXBuildFile; fileRef = 655601F1259D132D00C442BE /* RegistrationViewController.swift */; };
		65943BBA25A243E7004F7A27 /* GoogleService-Info.plist in Resources */ = {isa = PBXBuildFile; fileRef = 65943BB925A243E7004F7A27 /* GoogleService-Info.plist */; };
		65943BD025A394E1004F7A27 /* HomeViewController.swift in Sources */ = {isa = PBXBuildFile; fileRef = 65943BCF25A394E1004F7A27 /* HomeViewController.swift */; };
		65943BD325A394F1004F7A27 /* SearchViewController.swift in Sources */ = {isa = PBXBuildFile; fileRef = 65943BD225A394F1004F7A27 /* SearchViewController.swift */; };
		65943BD625A3951E004F7A27 /* ShareViewController.swift in Sources */ = {isa = PBXBuildFile; fileRef = 65943BD525A3951E004F7A27 /* ShareViewController.swift */; };
		65943BD925A39536004F7A27 /* ActivityViewController.swift in Sources */ = {isa = PBXBuildFile; fileRef = 65943BD825A39536004F7A27 /* ActivityViewController.swift */; };
		65943BDC25A39549004F7A27 /* ProfileViewController.swift in Sources */ = {isa = PBXBuildFile; fileRef = 65943BDB25A39549004F7A27 /* ProfileViewController.swift */; };
		65943C0A25A3B4EF004F7A27 /* Main.storyboard in Resources */ = {isa = PBXBuildFile; fileRef = 65943C0925A3B4EF004F7A27 /* Main.storyboard */; };
		65943C1D25A3B7AB004F7A27 /* Home.storyboard in Resources */ = {isa = PBXBuildFile; fileRef = 65943C1C25A3B7AB004F7A27 /* Home.storyboard */; };
		65943C2025A3B816004F7A27 /* Search.storyboard in Resources */ = {isa = PBXBuildFile; fileRef = 65943C1F25A3B816004F7A27 /* Search.storyboard */; };
		65943C2325A3B875004F7A27 /* Share.storyboard in Resources */ = {isa = PBXBuildFile; fileRef = 65943C2225A3B875004F7A27 /* Share.storyboard */; };
		65943C2625A3B8DB004F7A27 /* Activity.storyboard in Resources */ = {isa = PBXBuildFile; fileRef = 65943C2525A3B8DB004F7A27 /* Activity.storyboard */; };
		65943C2925A3B95E004F7A27 /* Profile.storyboard in Resources */ = {isa = PBXBuildFile; fileRef = 65943C2825A3B95E004F7A27 /* Profile.storyboard */; };
		65F5FD302651C26800FBD499 /* CommentViewController.swift in Sources */ = {isa = PBXBuildFile; fileRef = 65F5FD2F2651C26800FBD499 /* CommentViewController.swift */; };
		65F5FD322651C56F00FBD499 /* CommentTableViewCell.swift in Sources */ = {isa = PBXBuildFile; fileRef = 65F5FD312651C56F00FBD499 /* CommentTableViewCell.swift */; };
		786D5F7DADDAC48B45F88E90 /* Pods_Instaclone.framework in Frameworks */ = {isa = PBXBuildFile; fileRef = 7E6267441AAE7140C126A9D5 /* Pods_Instaclone.framework */; };
/* End PBXBuildFile section */

/* Begin PBXFileReference section */
		650D6DC725C6F98E00431841 /* HomeTableViewCell.swift */ = {isa = PBXFileReference; lastKnownFileType = sourcecode.swift; path = HomeTableViewCell.swift; sourceTree = "<group>"; };
		650D6DCB25C82E5F00431841 /* PostModel.swift */ = {isa = PBXFileReference; lastKnownFileType = sourcecode.swift; path = PostModel.swift; sourceTree = "<group>"; };
		650D6DE325C9496500431841 /* UserModel.swift */ = {isa = PBXFileReference; lastKnownFileType = sourcecode.swift; path = UserModel.swift; sourceTree = "<group>"; };
		65177404265D9B27003B85CA /* CommentModel.swift */ = {isa = PBXFileReference; lastKnownFileType = sourcecode.swift; path = CommentModel.swift; sourceTree = "<group>"; };
		654E821725B63D02006539DF /* AuthenticationService.swift */ = {isa = PBXFileReference; lastKnownFileType = sourcecode.swift; path = AuthenticationService.swift; sourceTree = "<group>"; };
		654E823225BF3899006539DF /* PostCameraViewController.swift */ = {isa = PBXFileReference; lastKnownFileType = sourcecode.swift; path = PostCameraViewController.swift; sourceTree = "<group>"; };
		655601C7259BD59800C442BE /* Instaclone.app */ = {isa = PBXFileReference; explicitFileType = wrapper.application; includeInIndex = 0; path = Instaclone.app; sourceTree = BUILT_PRODUCTS_DIR; };
		655601CA259BD59800C442BE /* AppDelegate.swift */ = {isa = PBXFileReference; lastKnownFileType = sourcecode.swift; path = AppDelegate.swift; sourceTree = "<group>"; };
		655601CC259BD59800C442BE /* SceneDelegate.swift */ = {isa = PBXFileReference; lastKnownFileType = sourcecode.swift; path = SceneDelegate.swift; sourceTree = "<group>"; };
		655601D3259BD59B00C442BE /* Assets.xcassets */ = {isa = PBXFileReference; lastKnownFileType = folder.assetcatalog; path = Assets.xcassets; sourceTree = "<group>"; };
		655601D6259BD59B00C442BE /* Base */ = {isa = PBXFileReference; lastKnownFileType = file.storyboard; name = Base; path = Base.lproj/LaunchScreen.storyboard; sourceTree = "<group>"; };
		655601D8259BD59B00C442BE /* Info.plist */ = {isa = PBXFileReference; lastKnownFileType = text.plist.xml; path = Info.plist; sourceTree = "<group>"; };
		655601E1259BD67C00C442BE /* Start.storyboard */ = {isa = PBXFileReference; lastKnownFileType = file.storyboard; path = Start.storyboard; sourceTree = "<group>"; };
		655601E8259BDD0C00C442BE /* .gitignore */ = {isa = PBXFileReference; lastKnownFileType = text; path = .gitignore; sourceTree = "<group>"; };
		655601EB259BDD3700C442BE /* README.md */ = {isa = PBXFileReference; lastKnownFileType = net.daringfireball.markdown; path = README.md; sourceTree = "<group>"; };
		655601EE259D131000C442BE /* LoginViewController.swift */ = {isa = PBXFileReference; lastKnownFileType = sourcecode.swift; path = LoginViewController.swift; sourceTree = "<group>"; };
		655601F1259D132D00C442BE /* RegistrationViewController.swift */ = {isa = PBXFileReference; lastKnownFileType = sourcecode.swift; path = RegistrationViewController.swift; sourceTree = "<group>"; };
		65943BB925A243E7004F7A27 /* GoogleService-Info.plist */ = {isa = PBXFileReference; fileEncoding = 4; lastKnownFileType = text.plist.xml; path = "GoogleService-Info.plist"; sourceTree = "<group>"; };
		65943BCF25A394E1004F7A27 /* HomeViewController.swift */ = {isa = PBXFileReference; lastKnownFileType = sourcecode.swift; path = HomeViewController.swift; sourceTree = "<group>"; };
		65943BD225A394F1004F7A27 /* SearchViewController.swift */ = {isa = PBXFileReference; lastKnownFileType = sourcecode.swift; path = SearchViewController.swift; sourceTree = "<group>"; };
		65943BD525A3951E004F7A27 /* ShareViewController.swift */ = {isa = PBXFileReference; lastKnownFileType = sourcecode.swift; path = ShareViewController.swift; sourceTree = "<group>"; };
		65943BD825A39536004F7A27 /* ActivityViewController.swift */ = {isa = PBXFileReference; lastKnownFileType = sourcecode.swift; path = ActivityViewController.swift; sourceTree = "<group>"; };
		65943BDB25A39549004F7A27 /* ProfileViewController.swift */ = {isa = PBXFileReference; lastKnownFileType = sourcecode.swift; path = ProfileViewController.swift; sourceTree = "<group>"; };
		65943C0925A3B4EF004F7A27 /* Main.storyboard */ = {isa = PBXFileReference; fileEncoding = 4; lastKnownFileType = file.storyboard; path = Main.storyboard; sourceTree = "<group>"; };
		65943C1C25A3B7AB004F7A27 /* Home.storyboard */ = {isa = PBXFileReference; fileEncoding = 4; lastKnownFileType = file.storyboard; path = Home.storyboard; sourceTree = "<group>"; };
		65943C1F25A3B816004F7A27 /* Search.storyboard */ = {isa = PBXFileReference; fileEncoding = 4; lastKnownFileType = file.storyboard; path = Search.storyboard; sourceTree = "<group>"; };
		65943C2225A3B875004F7A27 /* Share.storyboard */ = {isa = PBXFileReference; fileEncoding = 4; lastKnownFileType = file.storyboard; path = Share.storyboard; sourceTree = "<group>"; };
		65943C2525A3B8DB004F7A27 /* Activity.storyboard */ = {isa = PBXFileReference; fileEncoding = 4; lastKnownFileType = file.storyboard; path = Activity.storyboard; sourceTree = "<group>"; };
		65943C2825A3B95E004F7A27 /* Profile.storyboard */ = {isa = PBXFileReference; fileEncoding = 4; lastKnownFileType = file.storyboard; path = Profile.storyboard; sourceTree = "<group>"; };
		65F5FD2F2651C26800FBD499 /* CommentViewController.swift */ = {isa = PBXFileReference; lastKnownFileType = sourcecode.swift; path = CommentViewController.swift; sourceTree = "<group>"; };
		65F5FD312651C56F00FBD499 /* CommentTableViewCell.swift */ = {isa = PBXFileReference; lastKnownFileType = sourcecode.swift; path = CommentTableViewCell.swift; sourceTree = "<group>"; };
		7E6267441AAE7140C126A9D5 /* Pods_Instaclone.framework */ = {isa = PBXFileReference; explicitFileType = wrapper.framework; includeInIndex = 0; path = Pods_Instaclone.framework; sourceTree = BUILT_PRODUCTS_DIR; };
		A956347EDE337D7C93527303 /* Pods-Instaclone.release.xcconfig */ = {isa = PBXFileReference; includeInIndex = 1; lastKnownFileType = text.xcconfig; name = "Pods-Instaclone.release.xcconfig"; path = "Target Support Files/Pods-Instaclone/Pods-Instaclone.release.xcconfig"; sourceTree = "<group>"; };
		F69FA7EB1902170E058DCEA5 /* Pods-Instaclone.debug.xcconfig */ = {isa = PBXFileReference; includeInIndex = 1; lastKnownFileType = text.xcconfig; name = "Pods-Instaclone.debug.xcconfig"; path = "Target Support Files/Pods-Instaclone/Pods-Instaclone.debug.xcconfig"; sourceTree = "<group>"; };
/* End PBXFileReference section */

/* Begin PBXFrameworksBuildPhase section */
		655601C4259BD59800C442BE /* Frameworks */ = {
			isa = PBXFrameworksBuildPhase;
			buildActionMask = 2147483647;
			files = (
				786D5F7DADDAC48B45F88E90 /* Pods_Instaclone.framework in Frameworks */,
			);
			runOnlyForDeploymentPostprocessing = 0;
		};
/* End PBXFrameworksBuildPhase section */

/* Begin PBXGroup section */
		650D6DC525C56C1D00431841 /* Home */ = {
			isa = PBXGroup;
			children = (
				65943C1C25A3B7AB004F7A27 /* Home.storyboard */,
				65F5FD2F2651C26800FBD499 /* CommentViewController.swift */,
				650D6DC725C6F98E00431841 /* HomeTableViewCell.swift */,
				65943BCF25A394E1004F7A27 /* HomeViewController.swift */,
				65F5FD312651C56F00FBD499 /* CommentTableViewCell.swift */,
			);
			path = Home;
			sourceTree = "<group>";
		};
		650D6DCA25C82E4100431841 /* Model */ = {
			isa = PBXGroup;
			children = (
				650D6DCB25C82E5F00431841 /* PostModel.swift */,
				650D6DE325C9496500431841 /* UserModel.swift */,
				65177404265D9B27003B85CA /* CommentModel.swift */,
			);
			path = Model;
			sourceTree = "<group>";
		};
		654E823525BF38F7006539DF /* Share */ = {
			isa = PBXGroup;
			children = (
				65943C2225A3B875004F7A27 /* Share.storyboard */,
				654E823225BF3899006539DF /* PostCameraViewController.swift */,
				65943BD525A3951E004F7A27 /* ShareViewController.swift */,
			);
			path = Share;
			sourceTree = "<group>";
		};
		655601BE259BD59800C442BE = {
			isa = PBXGroup;
			children = (
				655601EB259BDD3700C442BE /* README.md */,
				655601E8259BDD0C00C442BE /* .gitignore */,
				655601C9259BD59800C442BE /* Instaclone */,
				655601C8259BD59800C442BE /* Products */,
				B52C357B86E4AD07BEAF8FCA /* Pods */,
				AE6B81EC884B8C498EA795F2 /* Frameworks */,
			);
			sourceTree = "<group>";
		};
		655601C8259BD59800C442BE /* Products */ = {
			isa = PBXGroup;
			children = (
				655601C7259BD59800C442BE /* Instaclone.app */,
			);
			name = Products;
			sourceTree = "<group>";
		};
		655601C9259BD59800C442BE /* Instaclone */ = {
			isa = PBXGroup;
			children = (
				650D6DCA25C82E4100431841 /* Model */,
				655601CA259BD59800C442BE /* AppDelegate.swift */,
				655601CC259BD59800C442BE /* SceneDelegate.swift */,
				65943BB925A243E7004F7A27 /* GoogleService-Info.plist */,
				655601D3259BD59B00C442BE /* Assets.xcassets */,
				655601D5259BD59B00C442BE /* LaunchScreen.storyboard */,
				655601D8259BD59B00C442BE /* Info.plist */,
				655601E1259BD67C00C442BE /* Start.storyboard */,
				65943C0925A3B4EF004F7A27 /* Main.storyboard */,
				65943C2825A3B95E004F7A27 /* Profile.storyboard */,
				65943C2525A3B8DB004F7A27 /* Activity.storyboard */,
				654E823525BF38F7006539DF /* Share */,
				65943C1F25A3B816004F7A27 /* Search.storyboard */,
				650D6DC525C56C1D00431841 /* Home */,
				655601EE259D131000C442BE /* LoginViewController.swift */,
				655601F1259D132D00C442BE /* RegistrationViewController.swift */,
				654E821725B63D02006539DF /* AuthenticationService.swift */,
				65943BD225A394F1004F7A27 /* SearchViewController.swift */,
				65943BD825A39536004F7A27 /* ActivityViewController.swift */,
				65943BDB25A39549004F7A27 /* ProfileViewController.swift */,
			);
			path = Instaclone;
			sourceTree = "<group>";
		};
		AE6B81EC884B8C498EA795F2 /* Frameworks */ = {
			isa = PBXGroup;
			children = (
				7E6267441AAE7140C126A9D5 /* Pods_Instaclone.framework */,
			);
			name = Frameworks;
			sourceTree = "<group>";
		};
		B52C357B86E4AD07BEAF8FCA /* Pods */ = {
			isa = PBXGroup;
			children = (
				F69FA7EB1902170E058DCEA5 /* Pods-Instaclone.debug.xcconfig */,
				A956347EDE337D7C93527303 /* Pods-Instaclone.release.xcconfig */,
			);
			path = Pods;
			sourceTree = "<group>";
		};
/* End PBXGroup section */

/* Begin PBXNativeTarget section */
		655601C6259BD59800C442BE /* Instaclone */ = {
			isa = PBXNativeTarget;
			buildConfigurationList = 655601DB259BD59B00C442BE /* Build configuration list for PBXNativeTarget "Instaclone" */;
			buildPhases = (
				9F689FF55A607F252395C6A2 /* [CP] Check Pods Manifest.lock */,
				655601C3259BD59800C442BE /* Sources */,
				655601C4259BD59800C442BE /* Frameworks */,
				655601C5259BD59800C442BE /* Resources */,
				C35A710A3DC55EAAD6FAC149 /* [CP] Embed Pods Frameworks */,
			);
			buildRules = (
			);
			dependencies = (
			);
			name = Instaclone;
			productName = Instaclone;
			productReference = 655601C7259BD59800C442BE /* Instaclone.app */;
			productType = "com.apple.product-type.application";
		};
/* End PBXNativeTarget section */

/* Begin PBXProject section */
		655601BF259BD59800C442BE /* Project object */ = {
			isa = PBXProject;
			attributes = {
				LastSwiftUpdateCheck = 1230;
				LastUpgradeCheck = 1230;
				TargetAttributes = {
					655601C6259BD59800C442BE = {
						CreatedOnToolsVersion = 12.3;
					};
				};
			};
			buildConfigurationList = 655601C2259BD59800C442BE /* Build configuration list for PBXProject "Instaclone" */;
			compatibilityVersion = "Xcode 9.3";
			developmentRegion = en;
			hasScannedForEncodings = 0;
			knownRegions = (
				en,
				Base,
			);
			mainGroup = 655601BE259BD59800C442BE;
			productRefGroup = 655601C8259BD59800C442BE /* Products */;
			projectDirPath = "";
			projectRoot = "";
			targets = (
				655601C6259BD59800C442BE /* Instaclone */,
			);
		};
/* End PBXProject section */

/* Begin PBXResourcesBuildPhase section */
		655601C5259BD59800C442BE /* Resources */ = {
			isa = PBXResourcesBuildPhase;
			buildActionMask = 2147483647;
			files = (
				65943C1D25A3B7AB004F7A27 /* Home.storyboard in Resources */,
				65943C2925A3B95E004F7A27 /* Profile.storyboard in Resources */,
				655601E9259BDD0C00C442BE /* .gitignore in Resources */,
				655601D7259BD59B00C442BE /* LaunchScreen.storyboard in Resources */,
				65943BBA25A243E7004F7A27 /* GoogleService-Info.plist in Resources */,
				65943C0A25A3B4EF004F7A27 /* Main.storyboard in Resources */,
				65943C2325A3B875004F7A27 /* Share.storyboard in Resources */,
				655601D4259BD59B00C442BE /* Assets.xcassets in Resources */,
				65943C2625A3B8DB004F7A27 /* Activity.storyboard in Resources */,
				65943C2025A3B816004F7A27 /* Search.storyboard in Resources */,
				655601E2259BD67C00C442BE /* Start.storyboard in Resources */,
			);
			runOnlyForDeploymentPostprocessing = 0;
		};
/* End PBXResourcesBuildPhase section */

/* Begin PBXShellScriptBuildPhase section */
		9F689FF55A607F252395C6A2 /* [CP] Check Pods Manifest.lock */ = {
			isa = PBXShellScriptBuildPhase;
			buildActionMask = 2147483647;
			files = (
			);
			inputFileListPaths = (
			);
			inputPaths = (
				"${PODS_PODFILE_DIR_PATH}/Podfile.lock",
				"${PODS_ROOT}/Manifest.lock",
			);
			name = "[CP] Check Pods Manifest.lock";
			outputFileListPaths = (
			);
			outputPaths = (
				"$(DERIVED_FILE_DIR)/Pods-Instaclone-checkManifestLockResult.txt",
			);
			runOnlyForDeploymentPostprocessing = 0;
			shellPath = /bin/sh;
			shellScript = "diff \"${PODS_PODFILE_DIR_PATH}/Podfile.lock\" \"${PODS_ROOT}/Manifest.lock\" > /dev/null\nif [ $? != 0 ] ; then\n    # print error to STDERR\n    echo \"error: The sandbox is not in sync with the Podfile.lock. Run 'pod install' or update your CocoaPods installation.\" >&2\n    exit 1\nfi\n# This output is used by Xcode 'outputs' to avoid re-running this script phase.\necho \"SUCCESS\" > \"${SCRIPT_OUTPUT_FILE_0}\"\n";
			showEnvVarsInLog = 0;
		};
		C35A710A3DC55EAAD6FAC149 /* [CP] Embed Pods Frameworks */ = {
			isa = PBXShellScriptBuildPhase;
			buildActionMask = 2147483647;
			files = (
			);
			inputFileListPaths = (
				"${PODS_ROOT}/Target Support Files/Pods-Instaclone/Pods-Instaclone-frameworks-${CONFIGURATION}-input-files.xcfilelist",
			);
			name = "[CP] Embed Pods Frameworks";
			outputFileListPaths = (
				"${PODS_ROOT}/Target Support Files/Pods-Instaclone/Pods-Instaclone-frameworks-${CONFIGURATION}-output-files.xcfilelist",
			);
			runOnlyForDeploymentPostprocessing = 0;
			shellPath = /bin/sh;
			shellScript = "\"${PODS_ROOT}/Target Support Files/Pods-Instaclone/Pods-Instaclone-frameworks.sh\"\n";
			showEnvVarsInLog = 0;
		};
/* End PBXShellScriptBuildPhase section */

/* Begin PBXSourcesBuildPhase section */
		655601C3259BD59800C442BE /* Sources */ = {
			isa = PBXSourcesBuildPhase;
			buildActionMask = 2147483647;
			files = (
				65943BD625A3951E004F7A27 /* ShareViewController.swift in Sources */,
				65943BD325A394F1004F7A27 /* SearchViewController.swift in Sources */,
				65943BD025A394E1004F7A27 /* HomeViewController.swift in Sources */,
				65943BD925A39536004F7A27 /* ActivityViewController.swift in Sources */,
				655601EF259D131000C442BE /* LoginViewController.swift in Sources */,
				65F5FD302651C26800FBD499 /* CommentViewController.swift in Sources */,
				650D6DCC25C82E5F00431841 /* PostModel.swift in Sources */,
				655601CB259BD59800C442BE /* AppDelegate.swift in Sources */,
				650D6DC825C6F98E00431841 /* HomeTableViewCell.swift in Sources */,
				650D6DE425C9496500431841 /* UserModel.swift in Sources */,
				65177405265D9B27003B85CA /* CommentModel.swift in Sources */,
				654E823325BF3899006539DF /* PostCameraViewController.swift in Sources */,
				65F5FD322651C56F00FBD499 /* CommentTableViewCell.swift in Sources */,
				65943BDC25A39549004F7A27 /* ProfileViewController.swift in Sources */,
				655601F2259D132D00C442BE /* RegistrationViewController.swift in Sources */,
				655601CD259BD59800C442BE /* SceneDelegate.swift in Sources */,
				654E821825B63D02006539DF /* AuthenticationService.swift in Sources */,
			);
			runOnlyForDeploymentPostprocessing = 0;
		};
/* End PBXSourcesBuildPhase section */

/* Begin PBXVariantGroup section */
		655601D5259BD59B00C442BE /* LaunchScreen.storyboard */ = {
			isa = PBXVariantGroup;
			children = (
				655601D6259BD59B00C442BE /* Base */,
			);
			name = LaunchScreen.storyboard;
			sourceTree = "<group>";
		};
/* End PBXVariantGroup section */

/* Begin XCBuildConfiguration section */
		655601D9259BD59B00C442BE /* Debug */ = {
			isa = XCBuildConfiguration;
			buildSettings = {
				ALWAYS_SEARCH_USER_PATHS = NO;
				CLANG_ANALYZER_NONNULL = YES;
				CLANG_ANALYZER_NUMBER_OBJECT_CONVERSION = YES_AGGRESSIVE;
				CLANG_CXX_LANGUAGE_STANDARD = "gnu++14";
				CLANG_CXX_LIBRARY = "libc++";
				CLANG_ENABLE_MODULES = YES;
				CLANG_ENABLE_OBJC_ARC = YES;
				CLANG_ENABLE_OBJC_WEAK = YES;
				CLANG_WARN_BLOCK_CAPTURE_AUTORELEASING = YES;
				CLANG_WARN_BOOL_CONVERSION = YES;
				CLANG_WARN_COMMA = YES;
				CLANG_WARN_CONSTANT_CONVERSION = YES;
				CLANG_WARN_DEPRECATED_OBJC_IMPLEMENTATIONS = YES;
				CLANG_WARN_DIRECT_OBJC_ISA_USAGE = YES_ERROR;
				CLANG_WARN_DOCUMENTATION_COMMENTS = YES;
				CLANG_WARN_EMPTY_BODY = YES;
				CLANG_WARN_ENUM_CONVERSION = YES;
				CLANG_WARN_INFINITE_RECURSION = YES;
				CLANG_WARN_INT_CONVERSION = YES;
				CLANG_WARN_NON_LITERAL_NULL_CONVERSION = YES;
				CLANG_WARN_OBJC_IMPLICIT_RETAIN_SELF = YES;
				CLANG_WARN_OBJC_LITERAL_CONVERSION = YES;
				CLANG_WARN_OBJC_ROOT_CLASS = YES_ERROR;
				CLANG_WARN_QUOTED_INCLUDE_IN_FRAMEWORK_HEADER = YES;
				CLANG_WARN_RANGE_LOOP_ANALYSIS = YES;
				CLANG_WARN_STRICT_PROTOTYPES = YES;
				CLANG_WARN_SUSPICIOUS_MOVE = YES;
				CLANG_WARN_UNGUARDED_AVAILABILITY = YES_AGGRESSIVE;
				CLANG_WARN_UNREACHABLE_CODE = YES;
				CLANG_WARN__DUPLICATE_METHOD_MATCH = YES;
				COPY_PHASE_STRIP = NO;
				DEBUG_INFORMATION_FORMAT = dwarf;
				ENABLE_STRICT_OBJC_MSGSEND = YES;
				ENABLE_TESTABILITY = YES;
				GCC_C_LANGUAGE_STANDARD = gnu11;
				GCC_DYNAMIC_NO_PIC = NO;
				GCC_NO_COMMON_BLOCKS = YES;
				GCC_OPTIMIZATION_LEVEL = 0;
				GCC_PREPROCESSOR_DEFINITIONS = (
					"DEBUG=1",
					"$(inherited)",
				);
				GCC_WARN_64_TO_32_BIT_CONVERSION = YES;
				GCC_WARN_ABOUT_RETURN_TYPE = YES_ERROR;
				GCC_WARN_UNDECLARED_SELECTOR = YES;
				GCC_WARN_UNINITIALIZED_AUTOS = YES_AGGRESSIVE;
				GCC_WARN_UNUSED_FUNCTION = YES;
				GCC_WARN_UNUSED_VARIABLE = YES;
				IPHONEOS_DEPLOYMENT_TARGET = 14.3;
				MTL_ENABLE_DEBUG_INFO = INCLUDE_SOURCE;
				MTL_FAST_MATH = YES;
				ONLY_ACTIVE_ARCH = YES;
				SDKROOT = iphoneos;
				SWIFT_ACTIVE_COMPILATION_CONDITIONS = DEBUG;
				SWIFT_OPTIMIZATION_LEVEL = "-Onone";
			};
			name = Debug;
		};
		655601DA259BD59B00C442BE /* Release */ = {
			isa = XCBuildConfiguration;
			buildSettings = {
				ALWAYS_SEARCH_USER_PATHS = NO;
				CLANG_ANALYZER_NONNULL = YES;
				CLANG_ANALYZER_NUMBER_OBJECT_CONVERSION = YES_AGGRESSIVE;
				CLANG_CXX_LANGUAGE_STANDARD = "gnu++14";
				CLANG_CXX_LIBRARY = "libc++";
				CLANG_ENABLE_MODULES = YES;
				CLANG_ENABLE_OBJC_ARC = YES;
				CLANG_ENABLE_OBJC_WEAK = YES;
				CLANG_WARN_BLOCK_CAPTURE_AUTORELEASING = YES;
				CLANG_WARN_BOOL_CONVERSION = YES;
				CLANG_WARN_COMMA = YES;
				CLANG_WARN_CONSTANT_CONVERSION = YES;
				CLANG_WARN_DEPRECATED_OBJC_IMPLEMENTATIONS = YES;
				CLANG_WARN_DIRECT_OBJC_ISA_USAGE = YES_ERROR;
				CLANG_WARN_DOCUMENTATION_COMMENTS = YES;
				CLANG_WARN_EMPTY_BODY = YES;
				CLANG_WARN_ENUM_CONVERSION = YES;
				CLANG_WARN_INFINITE_RECURSION = YES;
				CLANG_WARN_INT_CONVERSION = YES;
				CLANG_WARN_NON_LITERAL_NULL_CONVERSION = YES;
				CLANG_WARN_OBJC_IMPLICIT_RETAIN_SELF = YES;
				CLANG_WARN_OBJC_LITERAL_CONVERSION = YES;
				CLANG_WARN_OBJC_ROOT_CLASS = YES_ERROR;
				CLANG_WARN_QUOTED_INCLUDE_IN_FRAMEWORK_HEADER = YES;
				CLANG_WARN_RANGE_LOOP_ANALYSIS = YES;
				CLANG_WARN_STRICT_PROTOTYPES = YES;
				CLANG_WARN_SUSPICIOUS_MOVE = YES;
				CLANG_WARN_UNGUARDED_AVAILABILITY = YES_AGGRESSIVE;
				CLANG_WARN_UNREACHABLE_CODE = YES;
				CLANG_WARN__DUPLICATE_METHOD_MATCH = YES;
				COPY_PHASE_STRIP = NO;
				DEBUG_INFORMATION_FORMAT = "dwarf-with-dsym";
				ENABLE_NS_ASSERTIONS = NO;
				ENABLE_STRICT_OBJC_MSGSEND = YES;
				GCC_C_LANGUAGE_STANDARD = gnu11;
				GCC_NO_COMMON_BLOCKS = YES;
				GCC_WARN_64_TO_32_BIT_CONVERSION = YES;
				GCC_WARN_ABOUT_RETURN_TYPE = YES_ERROR;
				GCC_WARN_UNDECLARED_SELECTOR = YES;
				GCC_WARN_UNINITIALIZED_AUTOS = YES_AGGRESSIVE;
				GCC_WARN_UNUSED_FUNCTION = YES;
				GCC_WARN_UNUSED_VARIABLE = YES;
				IPHONEOS_DEPLOYMENT_TARGET = 14.3;
				MTL_ENABLE_DEBUG_INFO = NO;
				MTL_FAST_MATH = YES;
				SDKROOT = iphoneos;
				SWIFT_COMPILATION_MODE = wholemodule;
				SWIFT_OPTIMIZATION_LEVEL = "-O";
				VALIDATE_PRODUCT = YES;
			};
			name = Release;
		};
		655601DC259BD59B00C442BE /* Debug */ = {
			isa = XCBuildConfiguration;
			baseConfigurationReference = F69FA7EB1902170E058DCEA5 /* Pods-Instaclone.debug.xcconfig */;
			buildSettings = {
				ASSETCATALOG_COMPILER_APPICON_NAME = AppIcon;
				ASSETCATALOG_COMPILER_GLOBAL_ACCENT_COLOR_NAME = AccentColor;
				CODE_SIGN_STYLE = Automatic;
				DEVELOPMENT_TEAM = 74X46VET5K;
				INFOPLIST_FILE = Instaclone/Info.plist;
				LD_RUNPATH_SEARCH_PATHS = (
					"$(inherited)",
					"@executable_path/Frameworks",
				);
				PRODUCT_BUNDLE_IDENTIFIER = de.KKrause.Instaclone;
				PRODUCT_NAME = "$(TARGET_NAME)";
				SWIFT_VERSION = 5.0;
				TARGETED_DEVICE_FAMILY = 1;
			};
			name = Debug;
		};
		655601DD259BD59B00C442BE /* Release */ = {
			isa = XCBuildConfiguration;
			baseConfigurationReference = A956347EDE337D7C93527303 /* Pods-Instaclone.release.xcconfig */;
			buildSettings = {
				ASSETCATALOG_COMPILER_APPICON_NAME = AppIcon;
				ASSETCATALOG_COMPILER_GLOBAL_ACCENT_COLOR_NAME = AccentColor;
				CODE_SIGN_STYLE = Automatic;
				DEVELOPMENT_TEAM = 74X46VET5K;
				INFOPLIST_FILE = Instaclone/Info.plist;
				LD_RUNPATH_SEARCH_PATHS = (
					"$(inherited)",
					"@executable_path/Frameworks",
				);
				PRODUCT_BUNDLE_IDENTIFIER = de.KKrause.Instaclone;
				PRODUCT_NAME = "$(TARGET_NAME)";
				SWIFT_VERSION = 5.0;
				TARGETED_DEVICE_FAMILY = 1;
			};
			name = Release;
		};
/* End XCBuildConfiguration section */

/* Begin XCConfigurationList section */
		655601C2259BD59800C442BE /* Build configuration list for PBXProject "Instaclone" */ = {
			isa = XCConfigurationList;
			buildConfigurations = (
				655601D9259BD59B00C442BE /* Debug */,
				655601DA259BD59B00C442BE /* Release */,
			);
			defaultConfigurationIsVisible = 0;
			defaultConfigurationName = Release;
		};
		655601DB259BD59B00C442BE /* Build configuration list for PBXNativeTarget "Instaclone" */ = {
			isa = XCConfigurationList;
			buildConfigurations = (
				655601DC259BD59B00C442BE /* Debug */,
				655601DD259BD59B00C442BE /* Release */,
			);
			defaultConfigurationIsVisible = 0;
			defaultConfigurationName = Release;
		};
/* End XCConfigurationList section */
	};
	rootObject = 655601BF259BD59800C442BE /* Project object */;
}
